
Microsoft Visual Studio Solution File, Format Version 12.00
# Visual Studio Version 17
VisualStudioVersion = 17.4.33205.214
MinimumVisualStudioVersion = 10.0.40219.1
Project("{FAE04EC0-301F-11D3-BF4B-00C04F79EFBC}") = "Lms.Api", "Lms.Api\Lms.Api.csproj", "{BAD5D599-474E-4963-97A4-1FA4F5FFDA89}"
EndProject
Project("{FAE04EC0-301F-11D3-BF4B-00C04F79EFBC}") = "Lms.Core", "Lms.Core\Lms.Core.csproj", "{534EC65E-ABF4-490D-95CC-87BA2F66D37E}"
EndProject
Project("{FAE04EC0-301F-11D3-BF4B-00C04F79EFBC}") = "Lms.Data", "Lms.Data\Lms.Data.csproj", "{5A233B1C-1FFB-48F0-9ACD-1C1F2CC3D3EA}"
EndProject
Global
	GlobalSection(SolutionConfigurationPlatforms) = preSolution
		Debug|Any CPU = Debug|Any CPU
		Release|Any CPU = Release|Any CPU
	EndGlobalSection
	GlobalSection(ProjectConfigurationPlatforms) = postSolution
		{BAD5D599-474E-4963-97A4-1FA4F5FFDA89}.Debug|Any CPU.ActiveCfg = Debug|Any CPU
		{BAD5D599-474E-4963-97A4-1FA4F5FFDA89}.Debug|Any CPU.Build.0 = Debug|Any CPU
		{BAD5D599-474E-4963-97A4-1FA4F5FFDA89}.Release|Any CPU.ActiveCfg = Release|Any CPU
		{BAD5D599-474E-4963-97A4-1FA4F5FFDA89}.Release|Any CPU.Build.0 = Release|Any CPU
		{534EC65E-ABF4-490D-95CC-87BA2F66D37E}.Debug|Any CPU.ActiveCfg = Debug|Any CPU
		{534EC65E-ABF4-490D-95CC-87BA2F66D37E}.Debug|Any CPU.Build.0 = Debug|Any CPU
		{534EC65E-ABF4-490D-95CC-87BA2F66D37E}.Release|Any CPU.ActiveCfg = Release|Any CPU
		{534EC65E-ABF4-490D-95CC-87BA2F66D37E}.Release|Any CPU.Build.0 = Release|Any CPU
		{5A233B1C-1FFB-48F0-9ACD-1C1F2CC3D3EA}.Debug|Any CPU.ActiveCfg = Debug|Any CPU
		{5A233B1C-1FFB-48F0-9ACD-1C1F2CC3D3EA}.Debug|Any CPU.Build.0 = Debug|Any CPU
		{5A233B1C-1FFB-48F0-9ACD-1C1F2CC3D3EA}.Release|Any CPU.ActiveCfg = Release|Any CPU
		{5A233B1C-1FFB-48F0-9ACD-1C1F2CC3D3EA}.Release|Any CPU.Build.0 = Release|Any CPU
	EndGlobalSection
	GlobalSection(SolutionProperties) = preSolution
		HideSolutionNode = FALSE
	EndGlobalSection
	GlobalSection(ExtensibilityGlobals) = postSolution
		SolutionGuid = {403F0DCF-3258-4CD5-B4E8-4ACE3C8DB029}
	EndGlobalSection
EndGlobal
